
Microsoft Visual Studio Solution File, Format Version 12.00
# Visual Studio Version 17
VisualStudioVersion = 17.6.33829.357
MinimumVisualStudioVersion = 10.0.40219.1
Project("{FAE04EC0-301F-11D3-BF4B-00C04F79EFBC}") = "GraphqlApi", "GraphqlApi\GraphqlApi.csproj", "{A0B5EE3A-E7FE-43CC-8FBC-8A38F8EA4C8B}"
EndProject
Global
	GlobalSection(SolutionConfigurationPlatforms) = preSolution
		Debug|Any CPU = Debug|Any CPU
		Release|Any CPU = Release|Any CPU
	EndGlobalSection
	GlobalSection(ProjectConfigurationPlatforms) = postSolution
		{A0B5EE3A-E7FE-43CC-8FBC-8A38F8EA4C8B}.Debug|Any CPU.ActiveCfg = Debug|Any CPU
		{A0B5EE3A-E7FE-43CC-8FBC-8A38F8EA4C8B}.Debug|Any CPU.Build.0 = Debug|Any CPU
		{A0B5EE3A-E7FE-43CC-8FBC-8A38F8EA4C8B}.Release|Any CPU.ActiveCfg = Release|Any CPU
		{A0B5EE3A-E7FE-43CC-8FBC-8A38F8EA4C8B}.Release|Any CPU.Build.0 = Release|Any CPU
	EndGlobalSection
	GlobalSection(SolutionProperties) = preSolution
		HideSolutionNode = FALSE
	EndGlobalSection
	GlobalSection(ExtensibilityGlobals) = postSolution
		SolutionGuid = {C2AFE162-E4D2-4CA3-9B62-B0BA76D1F38B}
	EndGlobalSection
EndGlobal
